
Microsoft Visual Studio Solution File, Format Version 12.00
# Visual Studio Version 17
VisualStudioVersion = 17.5.33424.131
MinimumVisualStudioVersion = 10.0.40219.1
Project("{2150E333-8FDC-42A3-9474-1A3956D46DE8}") = "Services", "Services", "{FDF73B16-E359-4155-8E87-2BDABA42F47F}"
EndProject
Project("{FAE04EC0-301F-11D3-BF4B-00C04F79EFBC}") = "Catalog.API", "Services\Catalog.API\Catalog.API.csproj", "{59CBCDDA-9EDD-4E13-BD5B-AC130127AEF5}"
EndProject
Global
	GlobalSection(SolutionConfigurationPlatforms) = preSolution
		Debug|Any CPU = Debug|Any CPU
		Release|Any CPU = Release|Any CPU
	EndGlobalSection
	GlobalSection(ProjectConfigurationPlatforms) = postSolution
		{59CBCDDA-9EDD-4E13-BD5B-AC130127AEF5}.Debug|Any CPU.ActiveCfg = Debug|Any CPU
		{59CBCDDA-9EDD-4E13-BD5B-AC130127AEF5}.Debug|Any CPU.Build.0 = Debug|Any CPU
		{59CBCDDA-9EDD-4E13-BD5B-AC130127AEF5}.Release|Any CPU.ActiveCfg = Release|Any CPU
		{59CBCDDA-9EDD-4E13-BD5B-AC130127AEF5}.Release|Any CPU.Build.0 = Release|Any CPU
	EndGlobalSection
	GlobalSection(SolutionProperties) = preSolution
		HideSolutionNode = FALSE
	EndGlobalSection
	GlobalSection(NestedProjects) = preSolution
		{59CBCDDA-9EDD-4E13-BD5B-AC130127AEF5} = {FDF73B16-E359-4155-8E87-2BDABA42F47F}
	EndGlobalSection
	GlobalSection(ExtensibilityGlobals) = postSolution
		SolutionGuid = {5289E20E-1CF1-4692-9736-4F8E00908BF6}
	EndGlobalSection
EndGlobal
